
Microsoft Visual Studio Solution File, Format Version 12.00
# Visual Studio 15
VisualStudioVersion = 15.0.28307.329
MinimumVisualStudioVersion = 10.0.40219.1
Project("{FAE04EC0-301F-11D3-BF4B-00C04F79EFBC}") = "Projekt Semestralny", "Projekt Semestralny\Projekt Semestralny.csproj", "{730FEED8-C54E-4E6D-A564-68EEADCB9262}"
EndProject
Global
	GlobalSection(SolutionConfigurationPlatforms) = preSolution
		Debug|Any CPU = Debug|Any CPU
		Release|Any CPU = Release|Any CPU
	EndGlobalSection
	GlobalSection(ProjectConfigurationPlatforms) = postSolution
		{730FEED8-C54E-4E6D-A564-68EEADCB9262}.Debug|Any CPU.ActiveCfg = Debug|Any CPU
		{730FEED8-C54E-4E6D-A564-68EEADCB9262}.Debug|Any CPU.Build.0 = Debug|Any CPU
		{730FEED8-C54E-4E6D-A564-68EEADCB9262}.Release|Any CPU.ActiveCfg = Release|Any CPU
		{730FEED8-C54E-4E6D-A564-68EEADCB9262}.Release|Any CPU.Build.0 = Release|Any CPU
	EndGlobalSection
	GlobalSection(SolutionProperties) = preSolution
		HideSolutionNode = FALSE
	EndGlobalSection
	GlobalSection(ExtensibilityGlobals) = postSolution
		SolutionGuid = {9D12DB88-C788-4164-8E68-C374B8A4F5DC}
	EndGlobalSection
EndGlobal
